
Microsoft Visual Studio Solution File, Format Version 12.00
# Visual Studio Version 16
VisualStudioVersion = 16.0.32126.315
MinimumVisualStudioVersion = 10.0.40219.1
Project("{FAE04EC0-301F-11D3-BF4B-00C04F79EFBC}") = "WebSachCuaEn", "WebSachCuaEn\WebSachCuaEn.csproj", "{A982D936-406D-46ED-AB50-E0D4989A4C14}"
EndProject
Global
	GlobalSection(SolutionConfigurationPlatforms) = preSolution
		Debug|Any CPU = Debug|Any CPU
		Release|Any CPU = Release|Any CPU
	EndGlobalSection
	GlobalSection(ProjectConfigurationPlatforms) = postSolution
		{A982D936-406D-46ED-AB50-E0D4989A4C14}.Debug|Any CPU.ActiveCfg = Debug|Any CPU
		{A982D936-406D-46ED-AB50-E0D4989A4C14}.Debug|Any CPU.Build.0 = Debug|Any CPU
		{A982D936-406D-46ED-AB50-E0D4989A4C14}.Release|Any CPU.ActiveCfg = Release|Any CPU
		{A982D936-406D-46ED-AB50-E0D4989A4C14}.Release|Any CPU.Build.0 = Release|Any CPU
	EndGlobalSection
	GlobalSection(SolutionProperties) = preSolution
		HideSolutionNode = FALSE
	EndGlobalSection
	GlobalSection(ExtensibilityGlobals) = postSolution
		SolutionGuid = {DCD29CE1-68C6-4331-B72F-56E0FCA6B535}
	EndGlobalSection
EndGlobal
